
Microsoft Visual Studio Solution File, Format Version 12.00
# Visual Studio Version 17
VisualStudioVersion = 17.9.34728.123
MinimumVisualStudioVersion = 10.0.40219.1
Project("{F14B399A-7131-4C87-9E4B-1186C45EF12D}") = "Report Project2", "Report Project2.rptproj", "{F05FDE75-7700-4AB4-896A-D48A0CD1A940}"
EndProject
Global
	GlobalSection(SolutionConfigurationPlatforms) = preSolution
		Debug|Default = Debug|Default
		DebugLocal|Default = DebugLocal|Default
		Release|Default = Release|Default
	EndGlobalSection
	GlobalSection(ProjectConfigurationPlatforms) = postSolution
		{F05FDE75-7700-4AB4-896A-D48A0CD1A940}.Debug|Default.ActiveCfg = Debug
		{F05FDE75-7700-4AB4-896A-D48A0CD1A940}.Debug|Default.Build.0 = Debug
		{F05FDE75-7700-4AB4-896A-D48A0CD1A940}.Debug|Default.Deploy.0 = Debug
		{F05FDE75-7700-4AB4-896A-D48A0CD1A940}.DebugLocal|Default.ActiveCfg = DebugLocal
		{F05FDE75-7700-4AB4-896A-D48A0CD1A940}.DebugLocal|Default.Build.0 = DebugLocal
		{F05FDE75-7700-4AB4-896A-D48A0CD1A940}.Release|Default.ActiveCfg = Release
		{F05FDE75-7700-4AB4-896A-D48A0CD1A940}.Release|Default.Build.0 = Release
		{F05FDE75-7700-4AB4-896A-D48A0CD1A940}.Release|Default.Deploy.0 = Release
	EndGlobalSection
	GlobalSection(SolutionProperties) = preSolution
		HideSolutionNode = FALSE
	EndGlobalSection
	GlobalSection(ExtensibilityGlobals) = postSolution
		SolutionGuid = {DEBF3017-3100-46B8-AC06-0EEA0094CF10}
	EndGlobalSection
EndGlobal
